// !$*UTF8*$!
{
	archiveVersion = 1;
	classes = {
	};
	objectVersion = 56;
	objects = {

/* Begin PBXBuildFile section */
		0E260132D025510795107711 /* Pods_PruebaTecnia.framework in Frameworks */ = {isa = PBXBuildFile; fileRef = B57D58B45F878707DCE23671 /* Pods_PruebaTecnia.framework */; };
		4F79EE5F2B3094AA00D8856D /* AppDelegate.swift in Sources */ = {isa = PBXBuildFile; fileRef = 4F79EE5E2B3094AA00D8856D /* AppDelegate.swift */; };
		4F79EE612B3094AA00D8856D /* SceneDelegate.swift in Sources */ = {isa = PBXBuildFile; fileRef = 4F79EE602B3094AA00D8856D /* SceneDelegate.swift */; };
		4F79EE632B3094AA00D8856D /* ViewController.swift in Sources */ = {isa = PBXBuildFile; fileRef = 4F79EE622B3094AA00D8856D /* ViewController.swift */; };
		4F79EE662B3094AA00D8856D /* Main.storyboard in Resources */ = {isa = PBXBuildFile; fileRef = 4F79EE642B3094AA00D8856D /* Main.storyboard */; };
		4F79EE682B3094AB00D8856D /* Assets.xcassets in Resources */ = {isa = PBXBuildFile; fileRef = 4F79EE672B3094AB00D8856D /* Assets.xcassets */; };
		4F79EE6B2B3094AB00D8856D /* LaunchScreen.storyboard in Resources */ = {isa = PBXBuildFile; fileRef = 4F79EE692B3094AB00D8856D /* LaunchScreen.storyboard */; };
		4F79EE752B309E6700D8856D /* NetworkManager.swift in Sources */ = {isa = PBXBuildFile; fileRef = 4F79EE742B309E6700D8856D /* NetworkManager.swift */; };
		4F79EE792B309EFA00D8856D /* NetworkAPI.swift in Sources */ = {isa = PBXBuildFile; fileRef = 4F79EE782B309EFA00D8856D /* NetworkAPI.swift */; };
		4F79EE7B2B309F6900D8856D /* BaseEntities.swift in Sources */ = {isa = PBXBuildFile; fileRef = 4F79EE7A2B309F6900D8856D /* BaseEntities.swift */; };
		4F79EE7E2B30A17100D8856D /* DictionaryExtension.swift in Sources */ = {isa = PBXBuildFile; fileRef = 4F79EE7D2B30A17100D8856D /* DictionaryExtension.swift */; };
		4F79EE802B30A1AD00D8856D /* WSResult.swift in Sources */ = {isa = PBXBuildFile; fileRef = 4F79EE7F2B30A1AD00D8856D /* WSResult.swift */; };
		4F79EE822B30A27300D8856D /* DataExtension.swift in Sources */ = {isa = PBXBuildFile; fileRef = 4F79EE812B30A27300D8856D /* DataExtension.swift */; };
		4F79EE842B30A76D00D8856D /* QueryType.swift in Sources */ = {isa = PBXBuildFile; fileRef = 4F79EE832B30A76D00D8856D /* QueryType.swift */; };
		4F79EE8C2B30A9BE00D8856D /* PersonDataPresenter.swift in Sources */ = {isa = PBXBuildFile; fileRef = 4F79EE852B30A9BE00D8856D /* PersonDataPresenter.swift */; };
		4F79EE8D2B30A9BE00D8856D /* PersonDataRouter.swift in Sources */ = {isa = PBXBuildFile; fileRef = 4F79EE862B30A9BE00D8856D /* PersonDataRouter.swift */; };
		4F79EE8E2B30A9BE00D8856D /* PersonDataViewController.swift in Sources */ = {isa = PBXBuildFile; fileRef = 4F79EE872B30A9BE00D8856D /* PersonDataViewController.swift */; };
		4F79EE8F2B30A9BE00D8856D /* PersonDataProtocols.swift in Sources */ = {isa = PBXBuildFile; fileRef = 4F79EE882B30A9BE00D8856D /* PersonDataProtocols.swift */; };
		4F79EE902B30A9BE00D8856D /* PersonDataInteractor.swift in Sources */ = {isa = PBXBuildFile; fileRef = 4F79EE892B30A9BE00D8856D /* PersonDataInteractor.swift */; };
		4F79EE912B30A9BE00D8856D /* PersonDataEntities.swift in Sources */ = {isa = PBXBuildFile; fileRef = 4F79EE8A2B30A9BE00D8856D /* PersonDataEntities.swift */; };
		4F79EE922B30A9BE00D8856D /* PersonDataViewController.xib in Resources */ = {isa = PBXBuildFile; fileRef = 4F79EE8B2B30A9BE00D8856D /* PersonDataViewController.xib */; };
		4F79EE942B30AA8100D8856D /* PersonEnums.swift in Sources */ = {isa = PBXBuildFile; fileRef = 4F79EE932B30AA8100D8856D /* PersonEnums.swift */; };
		4F79EE972B30C8F800D8856D /* MiTabBarController.swift in Sources */ = {isa = PBXBuildFile; fileRef = 4F79EE962B30C8F800D8856D /* MiTabBarController.swift */; };
		4F79EE992B30D11700D8856D /* Singleton.swift in Sources */ = {isa = PBXBuildFile; fileRef = 4F79EE982B30D11700D8856D /* Singleton.swift */; };
		4F79EE9C2B30D22000D8856D /* ModuleEnums.swift in Sources */ = {isa = PBXBuildFile; fileRef = 4F79EE9B2B30D22000D8856D /* ModuleEnums.swift */; };
/* End PBXBuildFile section */

/* Begin PBXFileReference section */
		3BCA5B604DED319E7CDFF7BA /* Pods-PruebaTecnia.debug.xcconfig */ = {isa = PBXFileReference; includeInIndex = 1; lastKnownFileType = text.xcconfig; name = "Pods-PruebaTecnia.debug.xcconfig"; path = "Target Support Files/Pods-PruebaTecnia/Pods-PruebaTecnia.debug.xcconfig"; sourceTree = "<group>"; };
		4F79EE5B2B3094AA00D8856D /* PruebaTecnia.app */ = {isa = PBXFileReference; explicitFileType = wrapper.application; includeInIndex = 0; path = PruebaTecnia.app; sourceTree = BUILT_PRODUCTS_DIR; };
		4F79EE5E2B3094AA00D8856D /* AppDelegate.swift */ = {isa = PBXFileReference; lastKnownFileType = sourcecode.swift; path = AppDelegate.swift; sourceTree = "<group>"; };
		4F79EE602B3094AA00D8856D /* SceneDelegate.swift */ = {isa = PBXFileReference; lastKnownFileType = sourcecode.swift; path = SceneDelegate.swift; sourceTree = "<group>"; };
		4F79EE622B3094AA00D8856D /* ViewController.swift */ = {isa = PBXFileReference; lastKnownFileType = sourcecode.swift; path = ViewController.swift; sourceTree = "<group>"; };
		4F79EE652B3094AA00D8856D /* Base */ = {isa = PBXFileReference; lastKnownFileType = file.storyboard; name = Base; path = Base.lproj/Main.storyboard; sourceTree = "<group>"; };
		4F79EE672B3094AB00D8856D /* Assets.xcassets */ = {isa = PBXFileReference; lastKnownFileType = folder.assetcatalog; path = Assets.xcassets; sourceTree = "<group>"; };
		4F79EE6A2B3094AB00D8856D /* Base */ = {isa = PBXFileReference; lastKnownFileType = file.storyboard; name = Base; path = Base.lproj/LaunchScreen.storyboard; sourceTree = "<group>"; };
		4F79EE6C2B3094AB00D8856D /* Info.plist */ = {isa = PBXFileReference; lastKnownFileType = text.plist.xml; path = Info.plist; sourceTree = "<group>"; };
		4F79EE742B309E6700D8856D /* NetworkManager.swift */ = {isa = PBXFileReference; lastKnownFileType = sourcecode.swift; path = NetworkManager.swift; sourceTree = "<group>"; };
		4F79EE782B309EFA00D8856D /* NetworkAPI.swift */ = {isa = PBXFileReference; lastKnownFileType = sourcecode.swift; path = NetworkAPI.swift; sourceTree = "<group>"; };
		4F79EE7A2B309F6900D8856D /* BaseEntities.swift */ = {isa = PBXFileReference; lastKnownFileType = sourcecode.swift; path = BaseEntities.swift; sourceTree = "<group>"; };
		4F79EE7D2B30A17100D8856D /* DictionaryExtension.swift */ = {isa = PBXFileReference; lastKnownFileType = sourcecode.swift; path = DictionaryExtension.swift; sourceTree = "<group>"; };
		4F79EE7F2B30A1AD00D8856D /* WSResult.swift */ = {isa = PBXFileReference; lastKnownFileType = sourcecode.swift; path = WSResult.swift; sourceTree = "<group>"; };
		4F79EE812B30A27300D8856D /* DataExtension.swift */ = {isa = PBXFileReference; lastKnownFileType = sourcecode.swift; path = DataExtension.swift; sourceTree = "<group>"; };
		4F79EE832B30A76D00D8856D /* QueryType.swift */ = {isa = PBXFileReference; lastKnownFileType = sourcecode.swift; path = QueryType.swift; sourceTree = "<group>"; };
		4F79EE852B30A9BE00D8856D /* PersonDataPresenter.swift */ = {isa = PBXFileReference; lastKnownFileType = sourcecode.swift; path = PersonDataPresenter.swift; sourceTree = "<group>"; };
		4F79EE862B30A9BE00D8856D /* PersonDataRouter.swift */ = {isa = PBXFileReference; lastKnownFileType = sourcecode.swift; path = PersonDataRouter.swift; sourceTree = "<group>"; };
		4F79EE872B30A9BE00D8856D /* PersonDataViewController.swift */ = {isa = PBXFileReference; lastKnownFileType = sourcecode.swift; path = PersonDataViewController.swift; sourceTree = "<group>"; };
		4F79EE882B30A9BE00D8856D /* PersonDataProtocols.swift */ = {isa = PBXFileReference; lastKnownFileType = sourcecode.swift; path = PersonDataProtocols.swift; sourceTree = "<group>"; };
		4F79EE892B30A9BE00D8856D /* PersonDataInteractor.swift */ = {isa = PBXFileReference; lastKnownFileType = sourcecode.swift; path = PersonDataInteractor.swift; sourceTree = "<group>"; };
		4F79EE8A2B30A9BE00D8856D /* PersonDataEntities.swift */ = {isa = PBXFileReference; lastKnownFileType = sourcecode.swift; path = PersonDataEntities.swift; sourceTree = "<group>"; };
		4F79EE8B2B30A9BE00D8856D /* PersonDataViewController.xib */ = {isa = PBXFileReference; lastKnownFileType = file.xib; path = PersonDataViewController.xib; sourceTree = "<group>"; };
		4F79EE932B30AA8100D8856D /* PersonEnums.swift */ = {isa = PBXFileReference; lastKnownFileType = sourcecode.swift; path = PersonEnums.swift; sourceTree = "<group>"; };
		4F79EE962B30C8F800D8856D /* MiTabBarController.swift */ = {isa = PBXFileReference; lastKnownFileType = sourcecode.swift; path = MiTabBarController.swift; sourceTree = "<group>"; };
		4F79EE982B30D11700D8856D /* Singleton.swift */ = {isa = PBXFileReference; lastKnownFileType = sourcecode.swift; path = Singleton.swift; sourceTree = "<group>"; };
		4F79EE9B2B30D22000D8856D /* ModuleEnums.swift */ = {isa = PBXFileReference; lastKnownFileType = sourcecode.swift; path = ModuleEnums.swift; sourceTree = "<group>"; };
		90D41FECA5C288BBE3C023B1 /* Pods-PruebaTecnia.release.xcconfig */ = {isa = PBXFileReference; includeInIndex = 1; lastKnownFileType = text.xcconfig; name = "Pods-PruebaTecnia.release.xcconfig"; path = "Target Support Files/Pods-PruebaTecnia/Pods-PruebaTecnia.release.xcconfig"; sourceTree = "<group>"; };
		B57D58B45F878707DCE23671 /* Pods_PruebaTecnia.framework */ = {isa = PBXFileReference; explicitFileType = wrapper.framework; includeInIndex = 0; path = Pods_PruebaTecnia.framework; sourceTree = BUILT_PRODUCTS_DIR; };
/* End PBXFileReference section */

/* Begin PBXFrameworksBuildPhase section */
		4F79EE582B3094AA00D8856D /* Frameworks */ = {
			isa = PBXFrameworksBuildPhase;
			buildActionMask = 2147483647;
			files = (
				0E260132D025510795107711 /* Pods_PruebaTecnia.framework in Frameworks */,
			);
			runOnlyForDeploymentPostprocessing = 0;
		};
/* End PBXFrameworksBuildPhase section */

/* Begin PBXGroup section */
		00416D732F5165B0888F46F7 /* Pods */ = {
			isa = PBXGroup;
			children = (
				3BCA5B604DED319E7CDFF7BA /* Pods-PruebaTecnia.debug.xcconfig */,
				90D41FECA5C288BBE3C023B1 /* Pods-PruebaTecnia.release.xcconfig */,
			);
			path = Pods;
			sourceTree = "<group>";
		};
		4F79EE522B3094AA00D8856D = {
			isa = PBXGroup;
			children = (
				4F79EE5D2B3094AA00D8856D /* PruebaTecnia */,
				4F79EE5C2B3094AA00D8856D /* Products */,
				00416D732F5165B0888F46F7 /* Pods */,
				9F8F779A9C7B099F063C79B2 /* Frameworks */,
			);
			sourceTree = "<group>";
		};
		4F79EE5C2B3094AA00D8856D /* Products */ = {
			isa = PBXGroup;
			children = (
				4F79EE5B2B3094AA00D8856D /* PruebaTecnia.app */,
			);
			name = Products;
			sourceTree = "<group>";
		};
		4F79EE5D2B3094AA00D8856D /* PruebaTecnia */ = {
			isa = PBXGroup;
			children = (
				4F79EE9A2B30D20D00D8856D /* Helpers */,
				4F79EE7C2B30A15D00D8856D /* Extensions */,
				4F79EE762B309E9700D8856D /* Modules */,
				4F79EE732B309E3F00D8856D /* Network */,
				4F79EE722B309CDF00D8856D /* Utilities */,
				4F79EE5E2B3094AA00D8856D /* AppDelegate.swift */,
				4F79EE602B3094AA00D8856D /* SceneDelegate.swift */,
				4F79EE622B3094AA00D8856D /* ViewController.swift */,
				4F79EE642B3094AA00D8856D /* Main.storyboard */,
				4F79EE672B3094AB00D8856D /* Assets.xcassets */,
				4F79EE692B3094AB00D8856D /* LaunchScreen.storyboard */,
				4F79EE6C2B3094AB00D8856D /* Info.plist */,
			);
			path = PruebaTecnia;
			sourceTree = "<group>";
		};
		4F79EE722B309CDF00D8856D /* Utilities */ = {
			isa = PBXGroup;
			children = (
				4F79EE832B30A76D00D8856D /* QueryType.swift */,
				4F79EE982B30D11700D8856D /* Singleton.swift */,
			);
			path = Utilities;
			sourceTree = "<group>";
		};
		4F79EE732B309E3F00D8856D /* Network */ = {
			isa = PBXGroup;
			children = (
				4F79EE742B309E6700D8856D /* NetworkManager.swift */,
				4F79EE782B309EFA00D8856D /* NetworkAPI.swift */,
				4F79EE7A2B309F6900D8856D /* BaseEntities.swift */,
				4F79EE7F2B30A1AD00D8856D /* WSResult.swift */,
			);
			path = Network;
			sourceTree = "<group>";
		};
		4F79EE762B309E9700D8856D /* Modules */ = {
			isa = PBXGroup;
			children = (
				4F79EE952B30C8E100D8856D /* Navigation */,
				4F79EE772B309EA400D8856D /* PersonModule */,
			);
			path = Modules;
			sourceTree = "<group>";
		};
		4F79EE772B309EA400D8856D /* PersonModule */ = {
			isa = PBXGroup;
			children = (
				4F79EE852B30A9BE00D8856D /* PersonDataPresenter.swift */,
				4F79EE862B30A9BE00D8856D /* PersonDataRouter.swift */,
				4F79EE872B30A9BE00D8856D /* PersonDataViewController.swift */,
				4F79EE882B30A9BE00D8856D /* PersonDataProtocols.swift */,
				4F79EE892B30A9BE00D8856D /* PersonDataInteractor.swift */,
				4F79EE8A2B30A9BE00D8856D /* PersonDataEntities.swift */,
				4F79EE8B2B30A9BE00D8856D /* PersonDataViewController.xib */,
				4F79EE932B30AA8100D8856D /* PersonEnums.swift */,
			);
			path = PersonModule;
			sourceTree = "<group>";
		};
		4F79EE7C2B30A15D00D8856D /* Extensions */ = {
			isa = PBXGroup;
			children = (
				4F79EE7D2B30A17100D8856D /* DictionaryExtension.swift */,
				4F79EE812B30A27300D8856D /* DataExtension.swift */,
			);
			path = Extensions;
			sourceTree = "<group>";
		};
		4F79EE952B30C8E100D8856D /* Navigation */ = {
			isa = PBXGroup;
			children = (
				4F79EE962B30C8F800D8856D /* MiTabBarController.swift */,
			);
			path = Navigation;
			sourceTree = "<group>";
		};
		4F79EE9A2B30D20D00D8856D /* Helpers */ = {
			isa = PBXGroup;
			children = (
				4F79EE9B2B30D22000D8856D /* ModuleEnums.swift */,
			);
			path = Helpers;
			sourceTree = "<group>";
		};
		9F8F779A9C7B099F063C79B2 /* Frameworks */ = {
			isa = PBXGroup;
			children = (
				B57D58B45F878707DCE23671 /* Pods_PruebaTecnia.framework */,
			);
			name = Frameworks;
			sourceTree = "<group>";
		};
/* End PBXGroup section */

/* Begin PBXNativeTarget section */
		4F79EE5A2B3094AA00D8856D /* PruebaTecnia */ = {
			isa = PBXNativeTarget;
			buildConfigurationList = 4F79EE6F2B3094AB00D8856D /* Build configuration list for PBXNativeTarget "PruebaTecnia" */;
			buildPhases = (
				88F16CBFB2C4B816B02EB4BC /* [CP] Check Pods Manifest.lock */,
				4F79EE572B3094AA00D8856D /* Sources */,
				4F79EE582B3094AA00D8856D /* Frameworks */,
				4F79EE592B3094AA00D8856D /* Resources */,
				3E27BA3A46CDE6B53CD01C50 /* [CP] Embed Pods Frameworks */,
			);
			buildRules = (
			);
			dependencies = (
			);
			name = PruebaTecnia;
			productName = PruebaTecnia;
			productReference = 4F79EE5B2B3094AA00D8856D /* PruebaTecnia.app */;
			productType = "com.apple.product-type.application";
		};
/* End PBXNativeTarget section */

/* Begin PBXProject section */
		4F79EE532B3094AA00D8856D /* Project object */ = {
			isa = PBXProject;
			attributes = {
				BuildIndependentTargetsInParallel = 1;
				LastSwiftUpdateCheck = 1420;
				LastUpgradeCheck = 1420;
				TargetAttributes = {
					4F79EE5A2B3094AA00D8856D = {
						CreatedOnToolsVersion = 14.2;
					};
				};
			};
			buildConfigurationList = 4F79EE562B3094AA00D8856D /* Build configuration list for PBXProject "PruebaTecnia" */;
			compatibilityVersion = "Xcode 14.0";
			developmentRegion = en;
			hasScannedForEncodings = 0;
			knownRegions = (
				en,
				Base,
			);
			mainGroup = 4F79EE522B3094AA00D8856D;
			productRefGroup = 4F79EE5C2B3094AA00D8856D /* Products */;
			projectDirPath = "";
			projectRoot = "";
			targets = (
				4F79EE5A2B3094AA00D8856D /* PruebaTecnia */,
			);
		};
/* End PBXProject section */

/* Begin PBXResourcesBuildPhase section */
		4F79EE592B3094AA00D8856D /* Resources */ = {
			isa = PBXResourcesBuildPhase;
			buildActionMask = 2147483647;
			files = (
				4F79EE6B2B3094AB00D8856D /* LaunchScreen.storyboard in Resources */,
				4F79EE922B30A9BE00D8856D /* PersonDataViewController.xib in Resources */,
				4F79EE682B3094AB00D8856D /* Assets.xcassets in Resources */,
				4F79EE662B3094AA00D8856D /* Main.storyboard in Resources */,
			);
			runOnlyForDeploymentPostprocessing = 0;
		};
/* End PBXResourcesBuildPhase section */

/* Begin PBXShellScriptBuildPhase section */
		3E27BA3A46CDE6B53CD01C50 /* [CP] Embed Pods Frameworks */ = {
			isa = PBXShellScriptBuildPhase;
			buildActionMask = 2147483647;
			files = (
			);
			inputFileListPaths = (
				"${PODS_ROOT}/Target Support Files/Pods-PruebaTecnia/Pods-PruebaTecnia-frameworks-${CONFIGURATION}-input-files.xcfilelist",
			);
			name = "[CP] Embed Pods Frameworks";
			outputFileListPaths = (
				"${PODS_ROOT}/Target Support Files/Pods-PruebaTecnia/Pods-PruebaTecnia-frameworks-${CONFIGURATION}-output-files.xcfilelist",
			);
			runOnlyForDeploymentPostprocessing = 0;
			shellPath = /bin/sh;
			shellScript = "\"${PODS_ROOT}/Target Support Files/Pods-PruebaTecnia/Pods-PruebaTecnia-frameworks.sh\"\n";
			showEnvVarsInLog = 0;
		};
		88F16CBFB2C4B816B02EB4BC /* [CP] Check Pods Manifest.lock */ = {
			isa = PBXShellScriptBuildPhase;
			buildActionMask = 2147483647;
			files = (
			);
			inputFileListPaths = (
			);
			inputPaths = (
				"${PODS_PODFILE_DIR_PATH}/Podfile.lock",
				"${PODS_ROOT}/Manifest.lock",
			);
			name = "[CP] Check Pods Manifest.lock";
			outputFileListPaths = (
			);
			outputPaths = (
				"$(DERIVED_FILE_DIR)/Pods-PruebaTecnia-checkManifestLockResult.txt",
			);
			runOnlyForDeploymentPostprocessing = 0;
			shellPath = /bin/sh;
			shellScript = "diff \"${PODS_PODFILE_DIR_PATH}/Podfile.lock\" \"${PODS_ROOT}/Manifest.lock\" > /dev/null\nif [ $? != 0 ] ; then\n    # print error to STDERR\n    echo \"error: The sandbox is not in sync with the Podfile.lock. Run 'pod install' or update your CocoaPods installation.\" >&2\n    exit 1\nfi\n# This output is used by Xcode 'outputs' to avoid re-running this script phase.\necho \"SUCCESS\" > \"${SCRIPT_OUTPUT_FILE_0}\"\n";
			showEnvVarsInLog = 0;
		};
/* End PBXShellScriptBuildPhase section */

/* Begin PBXSourcesBuildPhase section */
		4F79EE572B3094AA00D8856D /* Sources */ = {
			isa = PBXSourcesBuildPhase;
			buildActionMask = 2147483647;
			files = (
				4F79EE752B309E6700D8856D /* NetworkManager.swift in Sources */,
				4F79EE792B309EFA00D8856D /* NetworkAPI.swift in Sources */,
				4F79EE992B30D11700D8856D /* Singleton.swift in Sources */,
				4F79EE842B30A76D00D8856D /* QueryType.swift in Sources */,
				4F79EE8D2B30A9BE00D8856D /* PersonDataRouter.swift in Sources */,
				4F79EE902B30A9BE00D8856D /* PersonDataInteractor.swift in Sources */,
				4F79EE802B30A1AD00D8856D /* WSResult.swift in Sources */,
				4F79EE632B3094AA00D8856D /* ViewController.swift in Sources */,
				4F79EE5F2B3094AA00D8856D /* AppDelegate.swift in Sources */,
				4F79EE8C2B30A9BE00D8856D /* PersonDataPresenter.swift in Sources */,
				4F79EE9C2B30D22000D8856D /* ModuleEnums.swift in Sources */,
				4F79EE912B30A9BE00D8856D /* PersonDataEntities.swift in Sources */,
				4F79EE8F2B30A9BE00D8856D /* PersonDataProtocols.swift in Sources */,
				4F79EE612B3094AA00D8856D /* SceneDelegate.swift in Sources */,
				4F79EE7E2B30A17100D8856D /* DictionaryExtension.swift in Sources */,
				4F79EE972B30C8F800D8856D /* MiTabBarController.swift in Sources */,
				4F79EE8E2B30A9BE00D8856D /* PersonDataViewController.swift in Sources */,
				4F79EE942B30AA8100D8856D /* PersonEnums.swift in Sources */,
				4F79EE822B30A27300D8856D /* DataExtension.swift in Sources */,
				4F79EE7B2B309F6900D8856D /* BaseEntities.swift in Sources */,
			);
			runOnlyForDeploymentPostprocessing = 0;
		};
/* End PBXSourcesBuildPhase section */

/* Begin PBXVariantGroup section */
		4F79EE642B3094AA00D8856D /* Main.storyboard */ = {
			isa = PBXVariantGroup;
			children = (
				4F79EE652B3094AA00D8856D /* Base */,
			);
			name = Main.storyboard;
			sourceTree = "<group>";
		};
		4F79EE692B3094AB00D8856D /* LaunchScreen.storyboard */ = {
			isa = PBXVariantGroup;
			children = (
				4F79EE6A2B3094AB00D8856D /* Base */,
			);
			name = LaunchScreen.storyboard;
			sourceTree = "<group>";
		};
/* End PBXVariantGroup section */

/* Begin XCBuildConfiguration section */
		4F79EE6D2B3094AB00D8856D /* Debug */ = {
			isa = XCBuildConfiguration;
			buildSettings = {
				ALWAYS_SEARCH_USER_PATHS = NO;
				CLANG_ANALYZER_NONNULL = YES;
				CLANG_ANALYZER_NUMBER_OBJECT_CONVERSION = YES_AGGRESSIVE;
				CLANG_CXX_LANGUAGE_STANDARD = "gnu++20";
				CLANG_ENABLE_MODULES = YES;
				CLANG_ENABLE_OBJC_ARC = YES;
				CLANG_ENABLE_OBJC_WEAK = YES;
				CLANG_WARN_BLOCK_CAPTURE_AUTORELEASING = YES;
				CLANG_WARN_BOOL_CONVERSION = YES;
				CLANG_WARN_COMMA = YES;
				CLANG_WARN_CONSTANT_CONVERSION = YES;
				CLANG_WARN_DEPRECATED_OBJC_IMPLEMENTATIONS = YES;
				CLANG_WARN_DIRECT_OBJC_ISA_USAGE = YES_ERROR;
				CLANG_WARN_DOCUMENTATION_COMMENTS = YES;
				CLANG_WARN_EMPTY_BODY = YES;
				CLANG_WARN_ENUM_CONVERSION = YES;
				CLANG_WARN_INFINITE_RECURSION = YES;
				CLANG_WARN_INT_CONVERSION = YES;
				CLANG_WARN_NON_LITERAL_NULL_CONVERSION = YES;
				CLANG_WARN_OBJC_IMPLICIT_RETAIN_SELF = YES;
				CLANG_WARN_OBJC_LITERAL_CONVERSION = YES;
				CLANG_WARN_OBJC_ROOT_CLASS = YES_ERROR;
				CLANG_WARN_QUOTED_INCLUDE_IN_FRAMEWORK_HEADER = YES;
				CLANG_WARN_RANGE_LOOP_ANALYSIS = YES;
				CLANG_WARN_STRICT_PROTOTYPES = YES;
				CLANG_WARN_SUSPICIOUS_MOVE = YES;
				CLANG_WARN_UNGUARDED_AVAILABILITY = YES_AGGRESSIVE;
				CLANG_WARN_UNREACHABLE_CODE = YES;
				CLANG_WARN__DUPLICATE_METHOD_MATCH = YES;
				COPY_PHASE_STRIP = NO;
				DEBUG_INFORMATION_FORMAT = dwarf;
				ENABLE_STRICT_OBJC_MSGSEND = YES;
				ENABLE_TESTABILITY = YES;
				GCC_C_LANGUAGE_STANDARD = gnu11;
				GCC_DYNAMIC_NO_PIC = NO;
				GCC_NO_COMMON_BLOCKS = YES;
				GCC_OPTIMIZATION_LEVEL = 0;
				GCC_PREPROCESSOR_DEFINITIONS = (
					"DEBUG=1",
					"$(inherited)",
				);
				GCC_WARN_64_TO_32_BIT_CONVERSION = YES;
				GCC_WARN_ABOUT_RETURN_TYPE = YES_ERROR;
				GCC_WARN_UNDECLARED_SELECTOR = YES;
				GCC_WARN_UNINITIALIZED_AUTOS = YES_AGGRESSIVE;
				GCC_WARN_UNUSED_FUNCTION = YES;
				GCC_WARN_UNUSED_VARIABLE = YES;
				IPHONEOS_DEPLOYMENT_TARGET = 16.2;
				MTL_ENABLE_DEBUG_INFO = INCLUDE_SOURCE;
				MTL_FAST_MATH = YES;
				ONLY_ACTIVE_ARCH = YES;
				SDKROOT = iphoneos;
				SWIFT_ACTIVE_COMPILATION_CONDITIONS = DEBUG;
				SWIFT_OPTIMIZATION_LEVEL = "-Onone";
			};
			name = Debug;
		};
		4F79EE6E2B3094AB00D8856D /* Release */ = {
			isa = XCBuildConfiguration;
			buildSettings = {
				ALWAYS_SEARCH_USER_PATHS = NO;
				CLANG_ANALYZER_NONNULL = YES;
				CLANG_ANALYZER_NUMBER_OBJECT_CONVERSION = YES_AGGRESSIVE;
				CLANG_CXX_LANGUAGE_STANDARD = "gnu++20";
				CLANG_ENABLE_MODULES = YES;
				CLANG_ENABLE_OBJC_ARC = YES;
				CLANG_ENABLE_OBJC_WEAK = YES;
				CLANG_WARN_BLOCK_CAPTURE_AUTORELEASING = YES;
				CLANG_WARN_BOOL_CONVERSION = YES;
				CLANG_WARN_COMMA = YES;
				CLANG_WARN_CONSTANT_CONVERSION = YES;
				CLANG_WARN_DEPRECATED_OBJC_IMPLEMENTATIONS = YES;
				CLANG_WARN_DIRECT_OBJC_ISA_USAGE = YES_ERROR;
				CLANG_WARN_DOCUMENTATION_COMMENTS = YES;
				CLANG_WARN_EMPTY_BODY = YES;
				CLANG_WARN_ENUM_CONVERSION = YES;
				CLANG_WARN_INFINITE_RECURSION = YES;
				CLANG_WARN_INT_CONVERSION = YES;
				CLANG_WARN_NON_LITERAL_NULL_CONVERSION = YES;
				CLANG_WARN_OBJC_IMPLICIT_RETAIN_SELF = YES;
				CLANG_WARN_OBJC_LITERAL_CONVERSION = YES;
				CLANG_WARN_OBJC_ROOT_CLASS = YES_ERROR;
				CLANG_WARN_QUOTED_INCLUDE_IN_FRAMEWORK_HEADER = YES;
				CLANG_WARN_RANGE_LOOP_ANALYSIS = YES;
				CLANG_WARN_STRICT_PROTOTYPES = YES;
				CLANG_WARN_SUSPICIOUS_MOVE = YES;
				CLANG_WARN_UNGUARDED_AVAILABILITY = YES_AGGRESSIVE;
				CLANG_WARN_UNREACHABLE_CODE = YES;
				CLANG_WARN__DUPLICATE_METHOD_MATCH = YES;
				COPY_PHASE_STRIP = NO;
				DEBUG_INFORMATION_FORMAT = "dwarf-with-dsym";
				ENABLE_NS_ASSERTIONS = NO;
				ENABLE_STRICT_OBJC_MSGSEND = YES;
				GCC_C_LANGUAGE_STANDARD = gnu11;
				GCC_NO_COMMON_BLOCKS = YES;
				GCC_WARN_64_TO_32_BIT_CONVERSION = YES;
				GCC_WARN_ABOUT_RETURN_TYPE = YES_ERROR;
				GCC_WARN_UNDECLARED_SELECTOR = YES;
				GCC_WARN_UNINITIALIZED_AUTOS = YES_AGGRESSIVE;
				GCC_WARN_UNUSED_FUNCTION = YES;
				GCC_WARN_UNUSED_VARIABLE = YES;
				IPHONEOS_DEPLOYMENT_TARGET = 16.2;
				MTL_ENABLE_DEBUG_INFO = NO;
				MTL_FAST_MATH = YES;
				SDKROOT = iphoneos;
				SWIFT_COMPILATION_MODE = wholemodule;
				SWIFT_OPTIMIZATION_LEVEL = "-O";
				VALIDATE_PRODUCT = YES;
			};
			name = Release;
		};
		4F79EE702B3094AB00D8856D /* Debug */ = {
			isa = XCBuildConfiguration;
			baseConfigurationReference = 3BCA5B604DED319E7CDFF7BA /* Pods-PruebaTecnia.debug.xcconfig */;
			buildSettings = {
				ASSETCATALOG_COMPILER_APPICON_NAME = AppIcon;
				ASSETCATALOG_COMPILER_GLOBAL_ACCENT_COLOR_NAME = AccentColor;
				CODE_SIGN_STYLE = Automatic;
				CURRENT_PROJECT_VERSION = 1;
				DEVELOPMENT_TEAM = R2M7SXF49X;
				GENERATE_INFOPLIST_FILE = YES;
				INFOPLIST_FILE = PruebaTecnia/Info.plist;
				INFOPLIST_KEY_UIApplicationSupportsIndirectInputEvents = YES;
				INFOPLIST_KEY_UILaunchStoryboardName = LaunchScreen;
				INFOPLIST_KEY_UIMainStoryboardFile = Main;
				INFOPLIST_KEY_UISupportedInterfaceOrientations_iPad = "UIInterfaceOrientationPortrait UIInterfaceOrientationPortraitUpsideDown UIInterfaceOrientationLandscapeLeft UIInterfaceOrientationLandscapeRight";
				INFOPLIST_KEY_UISupportedInterfaceOrientations_iPhone = "UIInterfaceOrientationPortrait UIInterfaceOrientationLandscapeLeft UIInterfaceOrientationLandscapeRight";
				LD_RUNPATH_SEARCH_PATHS = (
					"$(inherited)",
					"@executable_path/Frameworks",
				);
				MARKETING_VERSION = 1.0;
				PRODUCT_BUNDLE_IDENTIFIER = com.mx.jehux.cosechapp.PruebaTecnia;
				PRODUCT_NAME = "$(TARGET_NAME)";
				SWIFT_EMIT_LOC_STRINGS = YES;
				SWIFT_VERSION = 5.0;
				TARGETED_DEVICE_FAMILY = "1,2";
				URL_DEV_REALESE = "";
				URL_SERVICES = "https://randomuser.me/";
			};
			name = Debug;
		};
		4F79EE712B3094AB00D8856D /* Release */ = {
			isa = XCBuildConfiguration;
			baseConfigurationReference = 90D41FECA5C288BBE3C023B1 /* Pods-PruebaTecnia.release.xcconfig */;
			buildSettings = {
				ASSETCATALOG_COMPILER_APPICON_NAME = AppIcon;
				ASSETCATALOG_COMPILER_GLOBAL_ACCENT_COLOR_NAME = AccentColor;
				CODE_SIGN_STYLE = Automatic;
				CURRENT_PROJECT_VERSION = 1;
				DEVELOPMENT_TEAM = R2M7SXF49X;
				GENERATE_INFOPLIST_FILE = YES;
				INFOPLIST_FILE = PruebaTecnia/Info.plist;
				INFOPLIST_KEY_UIApplicationSupportsIndirectInputEvents = YES;
				INFOPLIST_KEY_UILaunchStoryboardName = LaunchScreen;
				INFOPLIST_KEY_UIMainStoryboardFile = Main;
				INFOPLIST_KEY_UISupportedInterfaceOrientations_iPad = "UIInterfaceOrientationPortrait UIInterfaceOrientationPortraitUpsideDown UIInterfaceOrientationLandscapeLeft UIInterfaceOrientationLandscapeRight";
				INFOPLIST_KEY_UISupportedInterfaceOrientations_iPhone = "UIInterfaceOrientationPortrait UIInterfaceOrientationLandscapeLeft UIInterfaceOrientationLandscapeRight";
				LD_RUNPATH_SEARCH_PATHS = (
					"$(inherited)",
					"@executable_path/Frameworks",
				);
				MARKETING_VERSION = 1.0;
				PRODUCT_BUNDLE_IDENTIFIER = com.mx.jehux.cosechapp.PruebaTecnia;
				PRODUCT_NAME = "$(TARGET_NAME)";
				SWIFT_EMIT_LOC_STRINGS = YES;
				SWIFT_VERSION = 5.0;
				TARGETED_DEVICE_FAMILY = "1,2";
				URL_DEV_REALESE = "";
				URL_SERVICES = "https://randomuser.me/";
			};
			name = Release;
		};
/* End XCBuildConfiguration section */

/* Begin XCConfigurationList section */
		4F79EE562B3094AA00D8856D /* Build configuration list for PBXProject "PruebaTecnia" */ = {
			isa = XCConfigurationList;
			buildConfigurations = (
				4F79EE6D2B3094AB00D8856D /* Debug */,
				4F79EE6E2B3094AB00D8856D /* Release */,
			);
			defaultConfigurationIsVisible = 0;
			defaultConfigurationName = Release;
		};
		4F79EE6F2B3094AB00D8856D /* Build configuration list for PBXNativeTarget "PruebaTecnia" */ = {
			isa = XCConfigurationList;
			buildConfigurations = (
				4F79EE702B3094AB00D8856D /* Debug */,
				4F79EE712B3094AB00D8856D /* Release */,
			);
			defaultConfigurationIsVisible = 0;
			defaultConfigurationName = Release;
		};
/* End XCConfigurationList section */
	};
	rootObject = 4F79EE532B3094AA00D8856D /* Project object */;
}
